
Microsoft Visual Studio Solution File, Format Version 12.00
Project("{FAE04EC0-301F-11D3-BF4B-00C04F79EFBC}") = "WeatherApi", "WeatherApi\WeatherApi.csproj", "{39A26565-FC85-4B2A-8EC1-8108EBD2B4A0}"
EndProject
Project("{FAE04EC0-301F-11D3-BF4B-00C04F79EFBC}") = "WeatherApiTests", "WeatherApiTests\WeatherApiTests.csproj", "{2DD926B9-9718-4E13-9A35-A45139A23CE1}"
EndProject
Project("{FAE04EC0-301F-11D3-BF4B-00C04F79EFBC}") = "WeatherMVC", "WeatherMVC\WeatherMVC.csproj", "{7C6EBA87-5C1F-4433-975C-526CE49FF0CF}"
EndProject
Global
	GlobalSection(SolutionConfigurationPlatforms) = preSolution
		Debug|Any CPU = Debug|Any CPU
		Release|Any CPU = Release|Any CPU
	EndGlobalSection
	GlobalSection(ProjectConfigurationPlatforms) = postSolution
		{39A26565-FC85-4B2A-8EC1-8108EBD2B4A0}.Debug|Any CPU.ActiveCfg = Debug|Any CPU
		{39A26565-FC85-4B2A-8EC1-8108EBD2B4A0}.Debug|Any CPU.Build.0 = Debug|Any CPU
		{39A26565-FC85-4B2A-8EC1-8108EBD2B4A0}.Release|Any CPU.ActiveCfg = Release|Any CPU
		{39A26565-FC85-4B2A-8EC1-8108EBD2B4A0}.Release|Any CPU.Build.0 = Release|Any CPU
		{2DD926B9-9718-4E13-9A35-A45139A23CE1}.Debug|Any CPU.ActiveCfg = Debug|Any CPU
		{2DD926B9-9718-4E13-9A35-A45139A23CE1}.Debug|Any CPU.Build.0 = Debug|Any CPU
		{2DD926B9-9718-4E13-9A35-A45139A23CE1}.Release|Any CPU.ActiveCfg = Release|Any CPU
		{2DD926B9-9718-4E13-9A35-A45139A23CE1}.Release|Any CPU.Build.0 = Release|Any CPU
		{7C6EBA87-5C1F-4433-975C-526CE49FF0CF}.Debug|Any CPU.ActiveCfg = Debug|Any CPU
		{7C6EBA87-5C1F-4433-975C-526CE49FF0CF}.Debug|Any CPU.Build.0 = Debug|Any CPU
		{7C6EBA87-5C1F-4433-975C-526CE49FF0CF}.Release|Any CPU.ActiveCfg = Release|Any CPU
		{7C6EBA87-5C1F-4433-975C-526CE49FF0CF}.Release|Any CPU.Build.0 = Release|Any CPU
	EndGlobalSection
EndGlobal
